
Microsoft Visual Studio Solution File, Format Version 12.00
# Visual Studio Version 17
VisualStudioVersion = 17.4.33205.214
MinimumVisualStudioVersion = 10.0.40219.1
Project("{FAE04EC0-301F-11D3-BF4B-00C04F79EFBC}") = "StrengthJournal.IAM.API", "StrengthJournal.IAM.API\StrengthJournal.IAM.API.csproj", "{52C97593-02C1-4F0D-BF29-F3813DF44925}"
EndProject
Project("{9A19103F-16F7-4668-BE54-9A1E7A4F7556}") = "StrengthJournal.Core", "..\StrengthJournal.Core\StrengthJournal.Core\StrengthJournal.Core.csproj", "{2AA73DAD-4E32-4DF4-814B-D0E4E5025A56}"
EndProject
Project("{9A19103F-16F7-4668-BE54-9A1E7A4F7556}") = "StrengthJournal.Core.DataAccess", "..\StrengthJournal.Core\StrengthJournal.Core.DataAccess\StrengthJournal.Core.DataAccess.csproj", "{9A0A0CA4-7964-4526-A57A-33C70D9745D2}"
EndProject
Global
	GlobalSection(SolutionConfigurationPlatforms) = preSolution
		Debug|Any CPU = Debug|Any CPU
		Release|Any CPU = Release|Any CPU
	EndGlobalSection
	GlobalSection(ProjectConfigurationPlatforms) = postSolution
		{52C97593-02C1-4F0D-BF29-F3813DF44925}.Debug|Any CPU.ActiveCfg = Debug|Any CPU
		{52C97593-02C1-4F0D-BF29-F3813DF44925}.Debug|Any CPU.Build.0 = Debug|Any CPU
		{52C97593-02C1-4F0D-BF29-F3813DF44925}.Release|Any CPU.ActiveCfg = Release|Any CPU
		{52C97593-02C1-4F0D-BF29-F3813DF44925}.Release|Any CPU.Build.0 = Release|Any CPU
		{2AA73DAD-4E32-4DF4-814B-D0E4E5025A56}.Debug|Any CPU.ActiveCfg = Debug|Any CPU
		{2AA73DAD-4E32-4DF4-814B-D0E4E5025A56}.Debug|Any CPU.Build.0 = Debug|Any CPU
		{2AA73DAD-4E32-4DF4-814B-D0E4E5025A56}.Release|Any CPU.ActiveCfg = Release|Any CPU
		{2AA73DAD-4E32-4DF4-814B-D0E4E5025A56}.Release|Any CPU.Build.0 = Release|Any CPU
		{9A0A0CA4-7964-4526-A57A-33C70D9745D2}.Debug|Any CPU.ActiveCfg = Debug|Any CPU
		{9A0A0CA4-7964-4526-A57A-33C70D9745D2}.Debug|Any CPU.Build.0 = Debug|Any CPU
		{9A0A0CA4-7964-4526-A57A-33C70D9745D2}.Release|Any CPU.ActiveCfg = Release|Any CPU
		{9A0A0CA4-7964-4526-A57A-33C70D9745D2}.Release|Any CPU.Build.0 = Release|Any CPU
	EndGlobalSection
	GlobalSection(SolutionProperties) = preSolution
		HideSolutionNode = FALSE
	EndGlobalSection
	GlobalSection(ExtensibilityGlobals) = postSolution
		SolutionGuid = {5C3C5D78-7BC6-4DAF-A1F1-EECCD0CEE9A4}
	EndGlobalSection
EndGlobal
